
Microsoft Visual Studio Solution File, Format Version 12.00
# Visual Studio Version 16
VisualStudioVersion = 16.0.30621.155
MinimumVisualStudioVersion = 10.0.40219.1
Project("{FAE04EC0-301F-11D3-BF4B-00C04F79EFBC}") = "OdeToFood.Web", "OdeToFood.Web\OdeToFood.Web.csproj", "{4095A2A2-7D51-43F9-87EC-BBA8BFAB4F4A}"
EndProject
Project("{FAE04EC0-301F-11D3-BF4B-00C04F79EFBC}") = "OdeToFood.Data", "OdeToFood.Data\OdeToFood.Data.csproj", "{E9D61727-2D5C-4D17-8DFA-F7961A917268}"
EndProject
Global
	GlobalSection(SolutionConfigurationPlatforms) = preSolution
		Debug|Any CPU = Debug|Any CPU
		Release|Any CPU = Release|Any CPU
	EndGlobalSection
	GlobalSection(ProjectConfigurationPlatforms) = postSolution
		{4095A2A2-7D51-43F9-87EC-BBA8BFAB4F4A}.Debug|Any CPU.ActiveCfg = Debug|Any CPU
		{4095A2A2-7D51-43F9-87EC-BBA8BFAB4F4A}.Debug|Any CPU.Build.0 = Debug|Any CPU
		{4095A2A2-7D51-43F9-87EC-BBA8BFAB4F4A}.Release|Any CPU.ActiveCfg = Release|Any CPU
		{4095A2A2-7D51-43F9-87EC-BBA8BFAB4F4A}.Release|Any CPU.Build.0 = Release|Any CPU
		{E9D61727-2D5C-4D17-8DFA-F7961A917268}.Debug|Any CPU.ActiveCfg = Debug|Any CPU
		{E9D61727-2D5C-4D17-8DFA-F7961A917268}.Debug|Any CPU.Build.0 = Debug|Any CPU
		{E9D61727-2D5C-4D17-8DFA-F7961A917268}.Release|Any CPU.ActiveCfg = Release|Any CPU
		{E9D61727-2D5C-4D17-8DFA-F7961A917268}.Release|Any CPU.Build.0 = Release|Any CPU
	EndGlobalSection
	GlobalSection(SolutionProperties) = preSolution
		HideSolutionNode = FALSE
	EndGlobalSection
	GlobalSection(ExtensibilityGlobals) = postSolution
		SolutionGuid = {47E7E297-73C9-4907-9687-3B3BE75E79CA}
	EndGlobalSection
EndGlobal
